
Microsoft Visual Studio Solution File, Format Version 12.00
# Visual Studio Version 16
VisualStudioVersion = 16.0.31613.86
MinimumVisualStudioVersion = 10.0.40219.1
Project("{8BC9CEB8-8B4A-11D0-8D11-00A0C91BC942}") = "DS-2", "DS-2.vcxproj", "{447554BE-D82B-4090-9C8E-4801C3DE5DA6}"
EndProject
Global
	GlobalSection(SolutionConfigurationPlatforms) = preSolution
		Debug|x64 = Debug|x64
		Debug|x86 = Debug|x86
		Release|x64 = Release|x64
		Release|x86 = Release|x86
	EndGlobalSection
	GlobalSection(ProjectConfigurationPlatforms) = postSolution
		{447554BE-D82B-4090-9C8E-4801C3DE5DA6}.Debug|x64.ActiveCfg = Debug|x64
		{447554BE-D82B-4090-9C8E-4801C3DE5DA6}.Debug|x64.Build.0 = Debug|x64
		{447554BE-D82B-4090-9C8E-4801C3DE5DA6}.Debug|x86.ActiveCfg = Debug|Win32
		{447554BE-D82B-4090-9C8E-4801C3DE5DA6}.Debug|x86.Build.0 = Debug|Win32
		{447554BE-D82B-4090-9C8E-4801C3DE5DA6}.Release|x64.ActiveCfg = Release|x64
		{447554BE-D82B-4090-9C8E-4801C3DE5DA6}.Release|x64.Build.0 = Release|x64
		{447554BE-D82B-4090-9C8E-4801C3DE5DA6}.Release|x86.ActiveCfg = Release|Win32
		{447554BE-D82B-4090-9C8E-4801C3DE5DA6}.Release|x86.Build.0 = Release|Win32
	EndGlobalSection
	GlobalSection(SolutionProperties) = preSolution
		HideSolutionNode = FALSE
	EndGlobalSection
	GlobalSection(ExtensibilityGlobals) = postSolution
		SolutionGuid = {DA28597A-8EEC-4ACF-876C-3F5E112C6139}
	EndGlobalSection
EndGlobal
