
Microsoft Visual Studio Solution File, Format Version 12.00
# Visual Studio Version 16
VisualStudioVersion = 16.0.30804.86
MinimumVisualStudioVersion = 10.0.40219.1
Project("{8BC9CEB8-8B4A-11D0-8D11-00A0C91BC942}") = "19200213李铖彧2", "19200213李铖彧2.vcxproj", "{62C6ACFD-A92A-438F-A5A9-C8320D429ED9}"
EndProject
Global
	GlobalSection(SolutionConfigurationPlatforms) = preSolution
		Debug|x64 = Debug|x64
		Debug|x86 = Debug|x86
		Release|x64 = Release|x64
		Release|x86 = Release|x86
	EndGlobalSection
	GlobalSection(ProjectConfigurationPlatforms) = postSolution
		{62C6ACFD-A92A-438F-A5A9-C8320D429ED9}.Debug|x64.ActiveCfg = Debug|x64
		{62C6ACFD-A92A-438F-A5A9-C8320D429ED9}.Debug|x64.Build.0 = Debug|x64
		{62C6ACFD-A92A-438F-A5A9-C8320D429ED9}.Debug|x86.ActiveCfg = Debug|Win32
		{62C6ACFD-A92A-438F-A5A9-C8320D429ED9}.Debug|x86.Build.0 = Debug|Win32
		{62C6ACFD-A92A-438F-A5A9-C8320D429ED9}.Release|x64.ActiveCfg = Release|x64
		{62C6ACFD-A92A-438F-A5A9-C8320D429ED9}.Release|x64.Build.0 = Release|x64
		{62C6ACFD-A92A-438F-A5A9-C8320D429ED9}.Release|x86.ActiveCfg = Release|Win32
		{62C6ACFD-A92A-438F-A5A9-C8320D429ED9}.Release|x86.Build.0 = Release|Win32
	EndGlobalSection
	GlobalSection(SolutionProperties) = preSolution
		HideSolutionNode = FALSE
	EndGlobalSection
	GlobalSection(ExtensibilityGlobals) = postSolution
		SolutionGuid = {41768372-C87B-4B17-BACD-1B1D579035B9}
	EndGlobalSection
EndGlobal
