
Microsoft Visual Studio Solution File, Format Version 12.00
# Visual Studio Version 16
VisualStudioVersion = 16.0.30804.86
MinimumVisualStudioVersion = 10.0.40219.1
Project("{8BC9CEB8-8B4A-11D0-8D11-00A0C91BC942}") = "19200213李铖彧3", "19200213李铖彧3.vcxproj", "{493BE32E-CBD5-4613-AEDA-07C407FAAD5B}"
EndProject
Global
	GlobalSection(SolutionConfigurationPlatforms) = preSolution
		Debug|x64 = Debug|x64
		Debug|x86 = Debug|x86
		Release|x64 = Release|x64
		Release|x86 = Release|x86
	EndGlobalSection
	GlobalSection(ProjectConfigurationPlatforms) = postSolution
		{493BE32E-CBD5-4613-AEDA-07C407FAAD5B}.Debug|x64.ActiveCfg = Debug|x64
		{493BE32E-CBD5-4613-AEDA-07C407FAAD5B}.Debug|x64.Build.0 = Debug|x64
		{493BE32E-CBD5-4613-AEDA-07C407FAAD5B}.Debug|x86.ActiveCfg = Debug|Win32
		{493BE32E-CBD5-4613-AEDA-07C407FAAD5B}.Debug|x86.Build.0 = Debug|Win32
		{493BE32E-CBD5-4613-AEDA-07C407FAAD5B}.Release|x64.ActiveCfg = Release|x64
		{493BE32E-CBD5-4613-AEDA-07C407FAAD5B}.Release|x64.Build.0 = Release|x64
		{493BE32E-CBD5-4613-AEDA-07C407FAAD5B}.Release|x86.ActiveCfg = Release|Win32
		{493BE32E-CBD5-4613-AEDA-07C407FAAD5B}.Release|x86.Build.0 = Release|Win32
	EndGlobalSection
	GlobalSection(SolutionProperties) = preSolution
		HideSolutionNode = FALSE
	EndGlobalSection
	GlobalSection(ExtensibilityGlobals) = postSolution
		SolutionGuid = {968CBD5B-4D77-4892-BA30-DBACE739F784}
	EndGlobalSection
EndGlobal
